
Microsoft Visual Studio Solution File, Format Version 12.00
# Visual Studio Version 17
VisualStudioVersion = 17.13.35913.81 d17.13
MinimumVisualStudioVersion = 10.0.40219.1
Project("{FAE04EC0-301F-11D3-BF4B-00C04F79EFBC}") = "DuongThiAiNhi_2122110524", "DuongThiAiNhi_2122110524\DuongThiAiNhi_2122110524.csproj", "{A32338D9-2C5D-4C06-B5DF-8D46BA0FAA6B}"
EndProject
Global
	GlobalSection(SolutionConfigurationPlatforms) = preSolution
		Debug|Any CPU = Debug|Any CPU
		Release|Any CPU = Release|Any CPU
	EndGlobalSection
	GlobalSection(ProjectConfigurationPlatforms) = postSolution
		{A32338D9-2C5D-4C06-B5DF-8D46BA0FAA6B}.Debug|Any CPU.ActiveCfg = Debug|Any CPU
		{A32338D9-2C5D-4C06-B5DF-8D46BA0FAA6B}.Debug|Any CPU.Build.0 = Debug|Any CPU
		{A32338D9-2C5D-4C06-B5DF-8D46BA0FAA6B}.Release|Any CPU.ActiveCfg = Release|Any CPU
		{A32338D9-2C5D-4C06-B5DF-8D46BA0FAA6B}.Release|Any CPU.Build.0 = Release|Any CPU
	EndGlobalSection
	GlobalSection(SolutionProperties) = preSolution
		HideSolutionNode = FALSE
	EndGlobalSection
	GlobalSection(ExtensibilityGlobals) = postSolution
		SolutionGuid = {B4826181-434A-4A50-8CDA-207DC593AF93}
	EndGlobalSection
EndGlobal
